
Microsoft Visual Studio Solution File, Format Version 12.00
# Visual Studio 14
VisualStudioVersion = 14.0.24720.0
MinimumVisualStudioVersion = 10.0.40219.1
Project("{FAE04EC0-301F-11D3-BF4B-00C04F79EFBC}") = "gameClient", "gameClient\gameClient.csproj", "{DCAFD347-5019-491A-A580-40B81B6964FC}"
EndProject
Project("{FAE04EC0-301F-11D3-BF4B-00C04F79EFBC}") = "gameServer", "gameServer\gameServer.csproj", "{9989A4DC-8EA9-4FA0-9E89-670437C0C3C4}"
EndProject
Project("{FAE04EC0-301F-11D3-BF4B-00C04F79EFBC}") = "CommonDataItems", "CommonDataItems\CommonDataItems.csproj", "{3EA9A5BD-73D7-4F1E-A5B0-A17A582BC5DC}"
EndProject
Global
	GlobalSection(SolutionConfigurationPlatforms) = preSolution
		Debug|Any CPU = Debug|Any CPU
		Debug|x86 = Debug|x86
		Release|Any CPU = Release|Any CPU
		Release|x86 = Release|x86
	EndGlobalSection
	GlobalSection(ProjectConfigurationPlatforms) = postSolution
		{DCAFD347-5019-491A-A580-40B81B6964FC}.Debug|Any CPU.ActiveCfg = Debug|x86
		{DCAFD347-5019-491A-A580-40B81B6964FC}.Debug|Any CPU.Build.0 = Debug|x86
		{DCAFD347-5019-491A-A580-40B81B6964FC}.Debug|x86.ActiveCfg = Debug|x86
		{DCAFD347-5019-491A-A580-40B81B6964FC}.Debug|x86.Build.0 = Debug|x86
		{DCAFD347-5019-491A-A580-40B81B6964FC}.Release|Any CPU.ActiveCfg = Release|x86
		{DCAFD347-5019-491A-A580-40B81B6964FC}.Release|x86.ActiveCfg = Release|x86
		{DCAFD347-5019-491A-A580-40B81B6964FC}.Release|x86.Build.0 = Release|x86
		{9989A4DC-8EA9-4FA0-9E89-670437C0C3C4}.Debug|Any CPU.ActiveCfg = Debug|Any CPU
		{9989A4DC-8EA9-4FA0-9E89-670437C0C3C4}.Debug|Any CPU.Build.0 = Debug|Any CPU
		{9989A4DC-8EA9-4FA0-9E89-670437C0C3C4}.Debug|x86.ActiveCfg = Debug|Any CPU
		{9989A4DC-8EA9-4FA0-9E89-670437C0C3C4}.Debug|x86.Build.0 = Debug|Any CPU
		{9989A4DC-8EA9-4FA0-9E89-670437C0C3C4}.Release|Any CPU.ActiveCfg = Release|Any CPU
		{9989A4DC-8EA9-4FA0-9E89-670437C0C3C4}.Release|Any CPU.Build.0 = Release|Any CPU
		{9989A4DC-8EA9-4FA0-9E89-670437C0C3C4}.Release|x86.ActiveCfg = Release|Any CPU
		{9989A4DC-8EA9-4FA0-9E89-670437C0C3C4}.Release|x86.Build.0 = Release|Any CPU
		{3EA9A5BD-73D7-4F1E-A5B0-A17A582BC5DC}.Debug|Any CPU.ActiveCfg = Debug|Any CPU
		{3EA9A5BD-73D7-4F1E-A5B0-A17A582BC5DC}.Debug|Any CPU.Build.0 = Debug|Any CPU
		{3EA9A5BD-73D7-4F1E-A5B0-A17A582BC5DC}.Debug|x86.ActiveCfg = Debug|Any CPU
		{3EA9A5BD-73D7-4F1E-A5B0-A17A582BC5DC}.Debug|x86.Build.0 = Debug|Any CPU
		{3EA9A5BD-73D7-4F1E-A5B0-A17A582BC5DC}.Release|Any CPU.ActiveCfg = Release|Any CPU
		{3EA9A5BD-73D7-4F1E-A5B0-A17A582BC5DC}.Release|Any CPU.Build.0 = Release|Any CPU
		{3EA9A5BD-73D7-4F1E-A5B0-A17A582BC5DC}.Release|x86.ActiveCfg = Release|Any CPU
		{3EA9A5BD-73D7-4F1E-A5B0-A17A582BC5DC}.Release|x86.Build.0 = Release|Any CPU
	EndGlobalSection
	GlobalSection(SolutionProperties) = preSolution
		HideSolutionNode = FALSE
	EndGlobalSection
EndGlobal
